
Microsoft Visual Studio Solution File, Format Version 12.00
# Visual Studio Version 17
VisualStudioVersion = 17.0.31903.59
MinimumVisualStudioVersion = 10.0.40219.1
Project("{F2A71F9B-5D33-465A-A702-920D77279786}") = "FifthHomework", "FifthHomework\FifthHomework.fsproj", "{0857D263-645E-4482-B6E2-21CD8AE3B9A9}"
EndProject
Project("{F2A71F9B-5D33-465A-A702-920D77279786}") = "FifthHomework.Tests", "FifthHomework.Tests\FifthHomework.Tests.fsproj", "{35D14DC7-B859-4E34-90C3-7AA9EAAE7343}"
EndProject
Global
	GlobalSection(SolutionConfigurationPlatforms) = preSolution
		Debug|Any CPU = Debug|Any CPU
		Release|Any CPU = Release|Any CPU
	EndGlobalSection
	GlobalSection(SolutionProperties) = preSolution
		HideSolutionNode = FALSE
	EndGlobalSection
	GlobalSection(ProjectConfigurationPlatforms) = postSolution
		{0857D263-645E-4482-B6E2-21CD8AE3B9A9}.Debug|Any CPU.ActiveCfg = Debug|Any CPU
		{0857D263-645E-4482-B6E2-21CD8AE3B9A9}.Debug|Any CPU.Build.0 = Debug|Any CPU
		{0857D263-645E-4482-B6E2-21CD8AE3B9A9}.Release|Any CPU.ActiveCfg = Release|Any CPU
		{0857D263-645E-4482-B6E2-21CD8AE3B9A9}.Release|Any CPU.Build.0 = Release|Any CPU
		{35D14DC7-B859-4E34-90C3-7AA9EAAE7343}.Debug|Any CPU.ActiveCfg = Debug|Any CPU
		{35D14DC7-B859-4E34-90C3-7AA9EAAE7343}.Debug|Any CPU.Build.0 = Debug|Any CPU
		{35D14DC7-B859-4E34-90C3-7AA9EAAE7343}.Release|Any CPU.ActiveCfg = Release|Any CPU
		{35D14DC7-B859-4E34-90C3-7AA9EAAE7343}.Release|Any CPU.Build.0 = Release|Any CPU
	EndGlobalSection
EndGlobal
