
Microsoft Visual Studio Solution File, Format Version 12.00
# Visual Studio Version 17
VisualStudioVersion = 17.0.31903.59
MinimumVisualStudioVersion = 10.0.40219.1
Project("{F2A71F9B-5D33-465A-A702-920D77279786}") = "FourthHomework", "FourthHomework\FourthHomework.fsproj", "{967DA6CB-5C1F-4D71-8947-763CD344534E}"
EndProject
Project("{F2A71F9B-5D33-465A-A702-920D77279786}") = "FourthHomework.Tests", "FourthHomework.Tests\FourthHomework.Tests.fsproj", "{3DAB1577-43E0-4EEC-886B-28B88C02969B}"
EndProject
Global
	GlobalSection(SolutionConfigurationPlatforms) = preSolution
		Debug|Any CPU = Debug|Any CPU
		Release|Any CPU = Release|Any CPU
	EndGlobalSection
	GlobalSection(SolutionProperties) = preSolution
		HideSolutionNode = FALSE
	EndGlobalSection
	GlobalSection(ProjectConfigurationPlatforms) = postSolution
		{967DA6CB-5C1F-4D71-8947-763CD344534E}.Debug|Any CPU.ActiveCfg = Debug|Any CPU
		{967DA6CB-5C1F-4D71-8947-763CD344534E}.Debug|Any CPU.Build.0 = Debug|Any CPU
		{967DA6CB-5C1F-4D71-8947-763CD344534E}.Release|Any CPU.ActiveCfg = Release|Any CPU
		{967DA6CB-5C1F-4D71-8947-763CD344534E}.Release|Any CPU.Build.0 = Release|Any CPU
		{3DAB1577-43E0-4EEC-886B-28B88C02969B}.Debug|Any CPU.ActiveCfg = Debug|Any CPU
		{3DAB1577-43E0-4EEC-886B-28B88C02969B}.Debug|Any CPU.Build.0 = Debug|Any CPU
		{3DAB1577-43E0-4EEC-886B-28B88C02969B}.Release|Any CPU.ActiveCfg = Release|Any CPU
		{3DAB1577-43E0-4EEC-886B-28B88C02969B}.Release|Any CPU.Build.0 = Release|Any CPU
	EndGlobalSection
EndGlobal
